
Microsoft Visual Studio Solution File, Format Version 12.00
# Visual Studio Version 16
VisualStudioVersion = 16.0.34601.136
MinimumVisualStudioVersion = 10.0.40219.1
Project("{FAE04EC0-301F-11D3-BF4B-00C04F79EFBC}") = "TestSelenium", "TestSelenium\TestSelenium.csproj", "{327FD2C3-8956-4F79-AA4F-EFDFCAF20622}"
EndProject
Global
	GlobalSection(SolutionConfigurationPlatforms) = preSolution
		Debug|Any CPU = Debug|Any CPU
		Release|Any CPU = Release|Any CPU
	EndGlobalSection
	GlobalSection(ProjectConfigurationPlatforms) = postSolution
		{327FD2C3-8956-4F79-AA4F-EFDFCAF20622}.Debug|Any CPU.ActiveCfg = Debug|Any CPU
		{327FD2C3-8956-4F79-AA4F-EFDFCAF20622}.Debug|Any CPU.Build.0 = Debug|Any CPU
		{327FD2C3-8956-4F79-AA4F-EFDFCAF20622}.Release|Any CPU.ActiveCfg = Release|Any CPU
		{327FD2C3-8956-4F79-AA4F-EFDFCAF20622}.Release|Any CPU.Build.0 = Release|Any CPU
	EndGlobalSection
	GlobalSection(SolutionProperties) = preSolution
		HideSolutionNode = FALSE
	EndGlobalSection
	GlobalSection(ExtensibilityGlobals) = postSolution
		SolutionGuid = {D5325F0A-BAD3-4CA7-A6E5-930BBF02238A}
	EndGlobalSection
EndGlobal
